
Microsoft Visual Studio Solution File, Format Version 12.00
# Visual Studio 15
VisualStudioVersion = 15.0.28307.1321
MinimumVisualStudioVersion = 10.0.40219.1
Project("{D2ABAB84-BF74-430A-B69E-9DC6D40DDA17}") = "Projet_pachadata_ssas", "Projet_pachadata_ssas\Projet_pachadata_ssas.dwproj", "{C95651AE-63CB-4C08-A6FF-56661B12A7D1}"
EndProject
Global
	GlobalSection(SolutionConfigurationPlatforms) = preSolution
		Development|Default = Development|Default
	EndGlobalSection
	GlobalSection(ProjectConfigurationPlatforms) = postSolution
		{C95651AE-63CB-4C08-A6FF-56661B12A7D1}.Development|Default.ActiveCfg = Development
		{C95651AE-63CB-4C08-A6FF-56661B12A7D1}.Development|Default.Build.0 = Development
		{C95651AE-63CB-4C08-A6FF-56661B12A7D1}.Development|Default.Deploy.0 = Development
	EndGlobalSection
	GlobalSection(SolutionProperties) = preSolution
		HideSolutionNode = FALSE
	EndGlobalSection
	GlobalSection(ExtensibilityGlobals) = postSolution
		SolutionGuid = {FC164015-9D89-49E6-A4E2-263DA47B603D}
	EndGlobalSection
EndGlobal
